
Microsoft Visual Studio Solution File, Format Version 12.00
# Visual Studio Version 17
VisualStudioVersion = 17.14.36603.0 d17.14
MinimumVisualStudioVersion = 10.0.40219.1
Project("{FAE04EC0-301F-11D3-BF4B-00C04F79EFBC}") = "L5", "L5\L5.csproj", "{7277DB06-A683-45BE-9115-1DC0E1290313}"
EndProject
Project("{FAE04EC0-301F-11D3-BF4B-00C04F79EFBC}") = "ViewModel", "ViewModel\ViewModel.csproj", "{5C0ECD8C-B773-49D6-8333-732E2E260C1F}"
EndProject
Project("{FAE04EC0-301F-11D3-BF4B-00C04F79EFBC}") = "Model", "Model\Model.csproj", "{EC08E83E-113B-4526-842E-E7ABDAF4FD1E}"
EndProject
Global
	GlobalSection(SolutionConfigurationPlatforms) = preSolution
		Debug|Any CPU = Debug|Any CPU
		Release|Any CPU = Release|Any CPU
	EndGlobalSection
	GlobalSection(ProjectConfigurationPlatforms) = postSolution
		{7277DB06-A683-45BE-9115-1DC0E1290313}.Debug|Any CPU.ActiveCfg = Debug|Any CPU
		{7277DB06-A683-45BE-9115-1DC0E1290313}.Debug|Any CPU.Build.0 = Debug|Any CPU
		{7277DB06-A683-45BE-9115-1DC0E1290313}.Release|Any CPU.ActiveCfg = Release|Any CPU
		{7277DB06-A683-45BE-9115-1DC0E1290313}.Release|Any CPU.Build.0 = Release|Any CPU
		{5C0ECD8C-B773-49D6-8333-732E2E260C1F}.Debug|Any CPU.ActiveCfg = Debug|Any CPU
		{5C0ECD8C-B773-49D6-8333-732E2E260C1F}.Debug|Any CPU.Build.0 = Debug|Any CPU
		{5C0ECD8C-B773-49D6-8333-732E2E260C1F}.Release|Any CPU.ActiveCfg = Release|Any CPU
		{5C0ECD8C-B773-49D6-8333-732E2E260C1F}.Release|Any CPU.Build.0 = Release|Any CPU
		{EC08E83E-113B-4526-842E-E7ABDAF4FD1E}.Debug|Any CPU.ActiveCfg = Debug|Any CPU
		{EC08E83E-113B-4526-842E-E7ABDAF4FD1E}.Debug|Any CPU.Build.0 = Debug|Any CPU
		{EC08E83E-113B-4526-842E-E7ABDAF4FD1E}.Release|Any CPU.ActiveCfg = Release|Any CPU
		{EC08E83E-113B-4526-842E-E7ABDAF4FD1E}.Release|Any CPU.Build.0 = Release|Any CPU
	EndGlobalSection
	GlobalSection(SolutionProperties) = preSolution
		HideSolutionNode = FALSE
	EndGlobalSection
	GlobalSection(ExtensibilityGlobals) = postSolution
		SolutionGuid = {7E864AAB-4514-4414-8CCA-7CD2E9711002}
	EndGlobalSection
EndGlobal
